{
  "version": 4,
  "terraform_version": "1.11.1",
  "serial": 31,
  "lineage": "ebe6afae-0a9d-ebef-b5bc-136e38434c44",
  "outputs": {},
  "resources": [
    {
      "mode": "managed",
      "type": "google_compute_firewall",
      "name": "firewall_mlops1",
      "provider": "provider[\"registry.terraform.io/hashicorp/google\"]",
      "instances": [
        {
          "schema_version": 1,
          "attributes": {
            "allow": [
              {
                "ports": [
                  "8081",
                  "50000",
                  "22"
                ],
                "protocol": "tcp"
              }
            ],
            "creation_timestamp": "2025-03-16T23:49:16.291-07:00",
            "deny": [],
            "description": "",
            "destination_ranges": [],
            "direction": "INGRESS",
            "disabled": false,
            "enable_logging": null,
            "id": "projects/bright-seer-452604-f6/global/firewalls/allow-jelkins-port",
            "log_config": [],
            "name": "allow-jelkins-port",
            "network": "https://www.googleapis.com/compute/v1/projects/bright-seer-452604-f6/global/networks/default",
            "priority": 1000,
            "project": "bright-seer-452604-f6",
            "self_link": "https://www.googleapis.com/compute/v1/projects/bright-seer-452604-f6/global/firewalls/allow-jelkins-port",
            "source_ranges": [
              "0.0.0.0/0"
            ],
            "source_service_accounts": [],
            "source_tags": [],
            "target_service_accounts": [],
            "target_tags": [],
            "timeouts": null
          },
          "sensitive_attributes": [],
          "private": "eyJlMmJmYjczMC1lY2FhLTExZTYtOGY4OC0zNDM2M2JjN2M0YzAiOnsiY3JlYXRlIjoxMjAwMDAwMDAwMDAwLCJkZWxldGUiOjEyMDAwMDAwMDAwMDAsInVwZGF0ZSI6MTIwMDAwMDAwMDAwMH0sInNjaGVtYV92ZXJzaW9uIjoiMSJ9"
        }
      ]
    },
    {
      "mode": "managed",
      "type": "google_compute_instance",
      "name": "vm_instance",
      "provider": "provider[\"registry.terraform.io/hashicorp/google\"]",
      "instances": [
        {
          "schema_version": 6,
          "attributes": {
            "advanced_machine_features": [],
            "allow_stopping_for_update": null,
            "attached_disk": [],
            "boot_disk": [
              {
                "auto_delete": true,
                "device_name": "persistent-disk-0",
                "disk_encryption_key_raw": "",
                "disk_encryption_key_sha256": "",
                "initialize_params": [
                  {
                    "image": "https://www.googleapis.com/compute/v1/projects/ubuntu-os-cloud/global/images/ubuntu-2204-jammy-v20230727",
                    "labels": {},
                    "resource_manager_tags": null,
                    "size": 50,
                    "type": "pd-standard"
                  }
                ],
                "kms_key_self_link": "",
                "mode": "READ_WRITE",
                "source": "https://www.googleapis.com/compute/v1/projects/bright-seer-452604-f6/zones/asia-southeast1-a/disks/terraform-instance"
              }
            ],
            "can_ip_forward": false,
            "confidential_instance_config": [],
            "cpu_platform": "Intel Broadwell",
            "current_status": "RUNNING",
            "deletion_protection": false,
            "description": "",
            "desired_status": null,
            "enable_display": false,
            "guest_accelerator": [],
            "hostname": "",
            "id": "projects/bright-seer-452604-f6/zones/asia-southeast1-a/instances/terraform-instance",
            "instance_id": "8925634904029032518",
            "label_fingerprint": "42WmSpB8rSM=",
            "labels": null,
            "machine_type": "e2-standard-2",
            "metadata": {
              "ssh-keys": "ssh-ed25519 AAAAC3NzaC1lZDI1NTE5AAAAIHdm+8KXiLDInMG0oieWUTQXNw1voGe+FpwnLRRq6Tnv longvudang@192.168.12.102"
            },
            "metadata_fingerprint": "WTqZ2mIdkIc=",
            "metadata_startup_script": null,
            "min_cpu_platform": "",
            "name": "terraform-instance",
            "network_interface": [
              {
                "access_config": [
                  {
                    "nat_ip": "34.142.233.138",
                    "network_tier": "PREMIUM",
                    "public_ptr_domain_name": ""
                  }
                ],
                "alias_ip_range": [],
                "ipv6_access_config": [],
                "ipv6_access_type": "",
                "name": "nic0",
                "network": "https://www.googleapis.com/compute/v1/projects/bright-seer-452604-f6/global/networks/default",
                "network_ip": "10.148.0.17",
                "nic_type": "",
                "queue_count": 0,
                "stack_type": "IPV4_ONLY",
                "subnetwork": "https://www.googleapis.com/compute/v1/projects/bright-seer-452604-f6/regions/asia-southeast1/subnetworks/default",
                "subnetwork_project": "bright-seer-452604-f6"
              }
            ],
            "network_performance_config": [],
            "params": [],
            "project": "bright-seer-452604-f6",
            "reservation_affinity": [],
            "resource_policies": null,
            "scheduling": [
              {
                "automatic_restart": true,
                "instance_termination_action": "",
                "local_ssd_recovery_timeout": [],
                "min_node_cpus": 0,
                "node_affinities": [],
                "on_host_maintenance": "MIGRATE",
                "preemptible": false,
                "provisioning_model": "STANDARD"
              }
            ],
            "scratch_disk": [],
            "self_link": "https://www.googleapis.com/compute/v1/projects/bright-seer-452604-f6/zones/asia-southeast1-a/instances/terraform-instance",
            "service_account": [],
            "shielded_instance_config": [
              {
                "enable_integrity_monitoring": true,
                "enable_secure_boot": false,
                "enable_vtpm": true
              }
            ],
            "tags": null,
            "tags_fingerprint": "42WmSpB8rSM=",
            "timeouts": null,
            "zone": "asia-southeast1-a"
          },
          "sensitive_attributes": [
            [
              {
                "type": "get_attr",
                "value": "boot_disk"
              },
              {
                "type": "index",
                "value": {
                  "value": 0,
                  "type": "number"
                }
              },
              {
                "type": "get_attr",
                "value": "disk_encryption_key_raw"
              }
            ]
          ],
          "private": "eyJlMmJmYjczMC1lY2FhLTExZTYtOGY4OC0zNDM2M2JjN2M0YzAiOnsiY3JlYXRlIjoxMjAwMDAwMDAwMDAwLCJkZWxldGUiOjEyMDAwMDAwMDAwMDAsInVwZGF0ZSI6MTIwMDAwMDAwMDAwMH0sInNjaGVtYV92ZXJzaW9uIjoiNiJ9"
        }
      ]
    },
    {
      "mode": "managed",
      "type": "google_container_cluster",
      "name": "my-gke",
      "provider": "provider[\"registry.terraform.io/hashicorp/google\"]",
      "instances": [
        {
          "schema_version": 1,
          "attributes": {
            "addons_config": [
              {
                "cloudrun_config": [],
                "config_connector_config": [],
                "dns_cache_config": [
                  {
                    "enabled": true
                  }
                ],
                "gce_persistent_disk_csi_driver_config": [
                  {
                    "enabled": true
                  }
                ],
                "gcp_filestore_csi_driver_config": [
                  {
                    "enabled": true
                  }
                ],
                "gcs_fuse_csi_driver_config": [
                  {
                    "enabled": true
                  }
                ],
                "gke_backup_agent_config": [],
                "horizontal_pod_autoscaling": [],
                "http_load_balancing": [],
                "network_policy_config": [
                  {
                    "disabled": true
                  }
                ]
              }
            ],
            "allow_net_admin": null,
            "authenticator_groups_config": [],
            "binary_authorization": [
              {
                "enabled": false,
                "evaluation_mode": ""
              }
            ],
            "cluster_autoscaling": [
              {
                "auto_provisioning_defaults": [
                  {
                    "boot_disk_kms_key": "",
                    "disk_size": 0,
                    "disk_type": "",
                    "image_type": "COS_CONTAINERD",
                    "management": [
                      {
                        "auto_repair": true,
                        "auto_upgrade": true,
                        "upgrade_options": []
                      }
                    ],
                    "min_cpu_platform": "",
                    "oauth_scopes": [
                      "https://www.googleapis.com/auth/devstorage.read_only",
                      "https://www.googleapis.com/auth/logging.write",
                      "https://www.googleapis.com/auth/monitoring",
                      "https://www.googleapis.com/auth/service.management.readonly",
                      "https://www.googleapis.com/auth/servicecontrol",
                      "https://www.googleapis.com/auth/trace.append"
                    ],
                    "service_account": "default",
                    "shielded_instance_config": [],
                    "upgrade_settings": [
                      {
                        "blue_green_settings": [],
                        "max_surge": 1,
                        "max_unavailable": 0,
                        "strategy": "SURGE"
                      }
                    ]
                  }
                ],
                "enabled": true,
                "resource_limits": [
                  {
                    "maximum": 1000000000,
                    "minimum": 0,
                    "resource_type": "cpu"
                  },
                  {
                    "maximum": 1000000000,
                    "minimum": 0,
                    "resource_type": "memory"
                  },
                  {
                    "maximum": 1000000000,
                    "minimum": 0,
                    "resource_type": "nvidia-tesla-t4"
                  },
                  {
                    "maximum": 1000000000,
                    "minimum": 0,
                    "resource_type": "nvidia-tesla-a100"
                  }
                ]
              }
            ],
            "cluster_ipv4_cidr": "10.86.128.0/17",
            "confidential_nodes": [],
            "cost_management_config": [],
            "database_encryption": [
              {
                "key_name": "",
                "state": "DECRYPTED"
              }
            ],
            "datapath_provider": "ADVANCED_DATAPATH",
            "default_max_pods_per_node": 110,
            "default_snat_status": [
              {
                "disabled": false
              }
            ],
            "description": "",
            "dns_config": [
              {
                "cluster_dns": "CLOUD_DNS",
                "cluster_dns_domain": "cluster.local",
                "cluster_dns_scope": "CLUSTER_SCOPE"
              }
            ],
            "enable_autopilot": true,
            "enable_binary_authorization": false,
            "enable_intranode_visibility": true,
            "enable_k8s_beta_apis": [],
            "enable_kubernetes_alpha": false,
            "enable_l4_ilb_subsetting": false,
            "enable_legacy_abac": false,
            "enable_shielded_nodes": true,
            "enable_tpu": false,
            "endpoint": "35.240.210.91",
            "gateway_api_config": [
              {
                "channel": "CHANNEL_STANDARD"
              }
            ],
            "id": "projects/bright-seer-452604-f6/locations/asia-southeast1/clusters/bright-seer-452604-f6-new-gke",
            "initial_node_count": 0,
            "ip_allocation_policy": [
              {
                "additional_pod_ranges_config": [],
                "cluster_ipv4_cidr_block": "10.86.128.0/17",
                "cluster_secondary_range_name": "gke-bright-seer-452604-f6-new-gke-pods-4c993abd",
                "pod_cidr_overprovision_config": [
                  {
                    "disabled": false
                  }
                ],
                "services_ipv4_cidr_block": "34.118.224.0/20",
                "services_secondary_range_name": "",
                "stack_type": "IPV4"
              }
            ],
            "label_fingerprint": "a9dc16a7",
            "location": "asia-southeast1",
            "logging_config": [
              {
                "enable_components": [
                  "SYSTEM_COMPONENTS",
                  "WORKLOADS"
                ]
              }
            ],
            "logging_service": "logging.googleapis.com/kubernetes",
            "maintenance_policy": [],
            "master_auth": [
              {
                "client_certificate": "",
                "client_certificate_config": [
                  {
                    "issue_client_certificate": false
                  }
                ],
                "client_key": "",
                "cluster_ca_certificate": "LS0tLS1CRUdJTiBDRVJUSUZJQ0FURS0tLS0tCk1JSUVMRENDQXBTZ0F3SUJBZ0lRTmZiZVVlVXFpTlh4Tis1bmsrY1BzREFOQmdrcWhraUc5dzBCQVFzRkFEQXYKTVMwd0t3WURWUVFERXlRMU5HRmtZMlF4T1MweU5XSTBMVFE0WWpRdE9EazBZUzB5WlRBMlpqUTFZVFJoWW1VdwpJQmNOTWpVd016RTJNVE15TXpJM1doZ1BNakExTlRBek1Ea3hOREl6TWpkYU1DOHhMVEFyQmdOVkJBTVRKRFUwCllXUmpaREU1TFRJMVlqUXRORGhpTkMwNE9UUmhMVEpsTURabU5EVmhOR0ZpWlRDQ0FhSXdEUVlKS29aSWh2Y04KQVFFQkJRQURnZ0dQQURDQ0FZb0NnZ0dCQUxNSmZxNXZneXptZXZoRHhORmVpV3ZvaDJlOW5wTkl5Vmczb0xJNwp1eVI5R0RpY1BOWFRJUloya0ZOWU1MYVJTYzh6aDZnTmxoRW83Y3ZtWW1hSlIxWGJVREQ2b1BkTXZKSExNZVFTCmRpYW11ZmJvWGhJdFhvNTByNzIvQXhhZGthN1JjVGN5UUlENnIrYkpKTzhZa3NJSEFqbm12d3EyQVgrNjNCV0gKK2lsNHZwcXJoelNpSTlvQzVpUXBlQ3JEalZIZFRVWU9GaklPU25VUkRLeUR6RFl1SDlLbjNvN2Y2d3l5VUhjSQpKSlRPby8zZVN4bnE3djcrU0FGZ3A5NkVPdGRIVGVybGJYdkgwZ0ZTb1ZCcFBlVCsxdWVGZkxuSWpXN3VhcEhzCmpiODVFR1huNTNHVmRqL05RdEJ5eWtiT04xbUF4ajdjbnRHc3RwZGl3MFJZdlkrRlFnMERiUjBWN2tOMmVTSXQKZ1ZZcTNPLzRYbUFieEZtWlpTT293M09ZaW4wVGtyM3ZEd1d4elYyL2VhNDhsWisrK1hvNkpjUFJoeFRuZi9ZOQpRUENOUXNhTEp0QjZhUDdEMTVSSWhaZWlNS1U0UVdpYW1UY2xrWTdwVEk3QWwrQXhvQ2RITTk3clRMRUYxcG9XCkZMUlI4RXVQaG1YWkdScTdvSXdWVGRDOWNRSURBUUFCbzBJd1FEQU9CZ05WSFE4QkFmOEVCQU1DQWdRd0R3WUQKVlIwVEFRSC9CQVV3QXdFQi96QWRCZ05WSFE0RUZnUVVaZEdGeVJNV0dJWEw0MTFaeUVGYjdsSXd3VVl3RFFZSgpLb1pJaHZjTkFRRUxCUUFEZ2dHQkFHd2FCUWJLMzllcDk4blp0blc1bFhIREdNN0N1ckRtSnJiMzdUWkltR0pzCnZDSjFvVWttNGpBRU96Z1RsQ1MzSU8rVjdZY1VqSmlnTFVCYzUrUGVmMy9XU05XWVVVRU9PYXJ6WFFoTUo5ak8KWXVMcXFqTU9PVVVGZHJySVNsd3lZS3lBODd6RzRaWG1FSDhsbFpwUkYvdkVXakkxUjhidUhRMjZiKy9sVlFzVQprT3Z4MWhoV3pVV2RHNXRWTUo4UExGdk1KUGtrTnd1cmtuVTdkSm56TmU2VzNFZ1UrQ0ZOVjRtZFptTE1uSkkwCitydXRqVVJmUEN1YU1LN2h3WlVZVEwyYm52dzk5cDJ2RDJ5b2V3eXdySnJ3U3N4THZvd3NRSThqUEhzcjhpRWoKQ2Q5RG16QTlPb05mV3BHUnV4U2RKbzFpNm5RWm5uSUNYWUhETnZOQndkdHFuNUQwNTNkaXZzaHpnQ09aUTNJYQpkMlFZb3V4SFVpNTBJSDJ3ZFo4dUtiQ0dZWlYzbk1xNnM1ZHVwM1Q5UlhTQnlBRGpYT0YwamJHZExNc0JuaUZJClVNdHVNdVJBcUtqd3Y1bWRMa2xKQmpBVkgvTkRYRCtMb2lqNWlyZ2lZU0haN1ozTTZYejk4eURHNnVqNlR4VUYKOFJMb1dNaWRFYThXWnU1am9hMVUxQT09Ci0tLS0tRU5EIENFUlRJRklDQVRFLS0tLS0K"
              }
            ],
            "master_authorized_networks_config": [],
            "master_version": "1.31.6-gke.1020000",
            "mesh_certificates": [],
            "min_master_version": null,
            "monitoring_config": [
              {
                "advanced_datapath_observability_config": [
                  {
                    "enable_metrics": true,
                    "relay_mode": ""
                  }
                ],
                "enable_components": [
                  "SYSTEM_COMPONENTS",
                  "STORAGE",
                  "HPA",
                  "POD",
                  "DAEMONSET",
                  "DEPLOYMENT",
                  "STATEFULSET",
                  "CADVISOR",
                  "KUBELET"
                ],
                "managed_prometheus": [
                  {
                    "enabled": true
                  }
                ]
              }
            ],
            "monitoring_service": "monitoring.googleapis.com/kubernetes",
            "name": "bright-seer-452604-f6-new-gke",
            "network": "projects/bright-seer-452604-f6/global/networks/default",
            "network_policy": [
              {
                "enabled": false,
                "provider": "PROVIDER_UNSPECIFIED"
              }
            ],
            "networking_mode": "VPC_NATIVE",
            "node_config": [
              {
                "advanced_machine_features": [],
                "boot_disk_kms_key": "",
                "disk_size_gb": 100,
                "disk_type": "pd-balanced",
                "ephemeral_storage_local_ssd_config": [],
                "gcfs_config": [],
                "guest_accelerator": [],
                "gvnic": [
                  {
                    "enabled": true
                  }
                ],
                "host_maintenance_policy": [],
                "image_type": "COS_CONTAINERD",
                "kubelet_config": [
                  {
                    "cpu_cfs_quota": false,
                    "cpu_cfs_quota_period": "",
                    "cpu_manager_policy": "",
                    "pod_pids_limit": 0
                  }
                ],
                "labels": {},
                "linux_node_config": [],
                "local_nvme_ssd_block_config": [],
                "local_ssd_count": 0,
                "logging_variant": "DEFAULT",
                "machine_type": "e2-small",
                "metadata": {
                  "disable-legacy-endpoints": "true"
                },
                "min_cpu_platform": "",
                "node_group": "",
                "oauth_scopes": [
                  "https://www.googleapis.com/auth/devstorage.read_only",
                  "https://www.googleapis.com/auth/logging.write",
                  "https://www.googleapis.com/auth/monitoring",
                  "https://www.googleapis.com/auth/service.management.readonly",
                  "https://www.googleapis.com/auth/servicecontrol",
                  "https://www.googleapis.com/auth/trace.append"
                ],
                "preemptible": false,
                "reservation_affinity": [
                  {
                    "consume_reservation_type": "NO_RESERVATION",
                    "key": "",
                    "values": []
                  }
                ],
                "resource_labels": {
                  "goog-gke-node-pool-provisioning-model": "on-demand"
                },
                "service_account": "default",
                "shielded_instance_config": [
                  {
                    "enable_integrity_monitoring": true,
                    "enable_secure_boot": true
                  }
                ],
                "sole_tenant_config": [],
                "spot": false,
                "tags": [],
                "taint": [
                  {
                    "effect": "NO_SCHEDULE",
                    "key": "cloud.google.com/gke-quick-remove",
                    "value": "true"
                  }
                ],
                "workload_metadata_config": [
                  {
                    "mode": "GKE_METADATA"
                  }
                ]
              }
            ],
            "node_locations": [
              "asia-southeast1-a",
              "asia-southeast1-b",
              "asia-southeast1-c"
            ],
            "node_pool": [
              {
                "autoscaling": [
                  {
                    "location_policy": "BALANCED",
                    "max_node_count": 1000,
                    "min_node_count": 0,
                    "total_max_node_count": 0,
                    "total_min_node_count": 0
                  }
                ],
                "initial_node_count": 1,
                "instance_group_urls": [],
                "managed_instance_group_urls": [],
                "management": [
                  {
                    "auto_repair": true,
                    "auto_upgrade": true
                  }
                ],
                "max_pods_per_node": 32,
                "name": "default-pool",
                "name_prefix": "",
                "network_config": [
                  {
                    "create_pod_range": false,
                    "enable_private_nodes": false,
                    "pod_cidr_overprovision_config": [],
                    "pod_ipv4_cidr_block": "10.86.128.0/17",
                    "pod_range": "gke-bright-seer-452604-f6-new-gke-pods-4c993abd"
                  }
                ],
                "node_config": [
                  {
                    "advanced_machine_features": [],
                    "boot_disk_kms_key": "",
                    "disk_size_gb": 100,
                    "disk_type": "pd-balanced",
                    "ephemeral_storage_local_ssd_config": [],
                    "gcfs_config": [],
                    "guest_accelerator": [],
                    "gvnic": [
                      {
                        "enabled": true
                      }
                    ],
                    "host_maintenance_policy": [],
                    "image_type": "COS_CONTAINERD",
                    "kubelet_config": [
                      {
                        "cpu_cfs_quota": false,
                        "cpu_cfs_quota_period": "",
                        "cpu_manager_policy": "",
                        "pod_pids_limit": 0
                      }
                    ],
                    "labels": {},
                    "linux_node_config": [],
                    "local_nvme_ssd_block_config": [],
                    "local_ssd_count": 0,
                    "logging_variant": "DEFAULT",
                    "machine_type": "e2-small",
                    "metadata": {
                      "disable-legacy-endpoints": "true"
                    },
                    "min_cpu_platform": "",
                    "node_group": "",
                    "oauth_scopes": [
                      "https://www.googleapis.com/auth/devstorage.read_only",
                      "https://www.googleapis.com/auth/logging.write",
                      "https://www.googleapis.com/auth/monitoring",
                      "https://www.googleapis.com/auth/service.management.readonly",
                      "https://www.googleapis.com/auth/servicecontrol",
                      "https://www.googleapis.com/auth/trace.append"
                    ],
                    "preemptible": false,
                    "reservation_affinity": [
                      {
                        "consume_reservation_type": "NO_RESERVATION",
                        "key": "",
                        "values": []
                      }
                    ],
                    "resource_labels": {
                      "goog-gke-node-pool-provisioning-model": "on-demand"
                    },
                    "service_account": "default",
                    "shielded_instance_config": [
                      {
                        "enable_integrity_monitoring": true,
                        "enable_secure_boot": true
                      }
                    ],
                    "sole_tenant_config": [],
                    "spot": false,
                    "tags": [],
                    "taint": [
                      {
                        "effect": "NO_SCHEDULE",
                        "key": "cloud.google.com/gke-quick-remove",
                        "value": "true"
                      }
                    ],
                    "workload_metadata_config": [
                      {
                        "mode": "GKE_METADATA"
                      }
                    ]
                  }
                ],
                "node_count": 0,
                "node_locations": [
                  "asia-southeast1-b"
                ],
                "placement_policy": [],
                "upgrade_settings": [
                  {
                    "blue_green_settings": [],
                    "max_surge": 1,
                    "max_unavailable": 0,
                    "strategy": "SURGE"
                  }
                ],
                "version": "1.31.6-gke.1020000"
              },
              {
                "autoscaling": [
                  {
                    "location_policy": "BALANCED",
                    "max_node_count": 1000,
                    "min_node_count": 0,
                    "total_max_node_count": 0,
                    "total_min_node_count": 0
                  }
                ],
                "initial_node_count": 0,
                "instance_group_urls": [],
                "managed_instance_group_urls": [],
                "management": [
                  {
                    "auto_repair": true,
                    "auto_upgrade": true
                  }
                ],
                "max_pods_per_node": 32,
                "name": "pool-1",
                "name_prefix": "",
                "network_config": [
                  {
                    "create_pod_range": false,
                    "enable_private_nodes": false,
                    "pod_cidr_overprovision_config": [],
                    "pod_ipv4_cidr_block": "10.86.128.0/17",
                    "pod_range": "gke-bright-seer-452604-f6-new-gke-pods-4c993abd"
                  }
                ],
                "node_config": [
                  {
                    "advanced_machine_features": [],
                    "boot_disk_kms_key": "",
                    "disk_size_gb": 100,
                    "disk_type": "pd-balanced",
                    "ephemeral_storage_local_ssd_config": [],
                    "gcfs_config": [],
                    "guest_accelerator": [],
                    "gvnic": [
                      {
                        "enabled": true
                      }
                    ],
                    "host_maintenance_policy": [],
                    "image_type": "COS_CONTAINERD",
                    "kubelet_config": [
                      {
                        "cpu_cfs_quota": false,
                        "cpu_cfs_quota_period": "",
                        "cpu_manager_policy": "",
                        "pod_pids_limit": 0
                      }
                    ],
                    "labels": {},
                    "linux_node_config": [],
                    "local_nvme_ssd_block_config": [],
                    "local_ssd_count": 0,
                    "logging_variant": "DEFAULT",
                    "machine_type": "e2-medium",
                    "metadata": {
                      "disable-legacy-endpoints": "true"
                    },
                    "min_cpu_platform": "",
                    "node_group": "",
                    "oauth_scopes": [
                      "https://www.googleapis.com/auth/devstorage.read_only",
                      "https://www.googleapis.com/auth/logging.write",
                      "https://www.googleapis.com/auth/monitoring",
                      "https://www.googleapis.com/auth/service.management.readonly",
                      "https://www.googleapis.com/auth/servicecontrol",
                      "https://www.googleapis.com/auth/trace.append"
                    ],
                    "preemptible": false,
                    "reservation_affinity": [
                      {
                        "consume_reservation_type": "NO_RESERVATION",
                        "key": "",
                        "values": []
                      }
                    ],
                    "resource_labels": {
                      "goog-gke-node-pool-provisioning-model": "on-demand"
                    },
                    "service_account": "default",
                    "shielded_instance_config": [
                      {
                        "enable_integrity_monitoring": true,
                        "enable_secure_boot": true
                      }
                    ],
                    "sole_tenant_config": [],
                    "spot": false,
                    "tags": [],
                    "taint": [],
                    "workload_metadata_config": [
                      {
                        "mode": "GKE_METADATA"
                      }
                    ]
                  }
                ],
                "node_count": 0,
                "node_locations": [
                  "asia-southeast1-a",
                  "asia-southeast1-b",
                  "asia-southeast1-c"
                ],
                "placement_policy": [],
                "upgrade_settings": [
                  {
                    "blue_green_settings": [],
                    "max_surge": 1,
                    "max_unavailable": 0,
                    "strategy": "SURGE"
                  }
                ],
                "version": "1.31.6-gke.1020000"
              },
              {
                "autoscaling": [
                  {
                    "location_policy": "BALANCED",
                    "max_node_count": 1000,
                    "min_node_count": 0,
                    "total_max_node_count": 0,
                    "total_min_node_count": 0
                  }
                ],
                "initial_node_count": 0,
                "instance_group_urls": [],
                "managed_instance_group_urls": [],
                "management": [
                  {
                    "auto_repair": true,
                    "auto_upgrade": true
                  }
                ],
                "max_pods_per_node": 32,
                "name": "pool-2",
                "name_prefix": "",
                "network_config": [
                  {
                    "create_pod_range": false,
                    "enable_private_nodes": false,
                    "pod_cidr_overprovision_config": [],
                    "pod_ipv4_cidr_block": "10.86.128.0/17",
                    "pod_range": "gke-bright-seer-452604-f6-new-gke-pods-4c993abd"
                  }
                ],
                "node_config": [
                  {
                    "advanced_machine_features": [],
                    "boot_disk_kms_key": "",
                    "disk_size_gb": 100,
                    "disk_type": "pd-balanced",
                    "ephemeral_storage_local_ssd_config": [],
                    "gcfs_config": [],
                    "guest_accelerator": [],
                    "gvnic": [
                      {
                        "enabled": true
                      }
                    ],
                    "host_maintenance_policy": [],
                    "image_type": "COS_CONTAINERD",
                    "kubelet_config": [
                      {
                        "cpu_cfs_quota": false,
                        "cpu_cfs_quota_period": "",
                        "cpu_manager_policy": "",
                        "pod_pids_limit": 0
                      }
                    ],
                    "labels": {},
                    "linux_node_config": [],
                    "local_nvme_ssd_block_config": [],
                    "local_ssd_count": 0,
                    "logging_variant": "DEFAULT",
                    "machine_type": "e2-standard-2",
                    "metadata": {
                      "disable-legacy-endpoints": "true"
                    },
                    "min_cpu_platform": "",
                    "node_group": "",
                    "oauth_scopes": [
                      "https://www.googleapis.com/auth/devstorage.read_only",
                      "https://www.googleapis.com/auth/logging.write",
                      "https://www.googleapis.com/auth/monitoring",
                      "https://www.googleapis.com/auth/service.management.readonly",
                      "https://www.googleapis.com/auth/servicecontrol",
                      "https://www.googleapis.com/auth/trace.append"
                    ],
                    "preemptible": false,
                    "reservation_affinity": [
                      {
                        "consume_reservation_type": "NO_RESERVATION",
                        "key": "",
                        "values": []
                      }
                    ],
                    "resource_labels": {
                      "goog-gke-node-pool-provisioning-model": "on-demand"
                    },
                    "service_account": "default",
                    "shielded_instance_config": [
                      {
                        "enable_integrity_monitoring": true,
                        "enable_secure_boot": true
                      }
                    ],
                    "sole_tenant_config": [],
                    "spot": false,
                    "tags": [],
                    "taint": [],
                    "workload_metadata_config": [
                      {
                        "mode": "GKE_METADATA"
                      }
                    ]
                  }
                ],
                "node_count": 0,
                "node_locations": [
                  "asia-southeast1-a",
                  "asia-southeast1-b",
                  "asia-southeast1-c"
                ],
                "placement_policy": [],
                "upgrade_settings": [
                  {
                    "blue_green_settings": [],
                    "max_surge": 1,
                    "max_unavailable": 0,
                    "strategy": "SURGE"
                  }
                ],
                "version": "1.31.6-gke.1020000"
              },
              {
                "autoscaling": [
                  {
                    "location_policy": "BALANCED",
                    "max_node_count": 1000,
                    "min_node_count": 0,
                    "total_max_node_count": 0,
                    "total_min_node_count": 0
                  }
                ],
                "initial_node_count": 0,
                "instance_group_urls": [],
                "managed_instance_group_urls": [],
                "management": [
                  {
                    "auto_repair": true,
                    "auto_upgrade": true
                  }
                ],
                "max_pods_per_node": 32,
                "name": "pool-3",
                "name_prefix": "",
                "network_config": [
                  {
                    "create_pod_range": false,
                    "enable_private_nodes": false,
                    "pod_cidr_overprovision_config": [],
                    "pod_ipv4_cidr_block": "10.86.128.0/17",
                    "pod_range": "gke-bright-seer-452604-f6-new-gke-pods-4c993abd"
                  }
                ],
                "node_config": [
                  {
                    "advanced_machine_features": [],
                    "boot_disk_kms_key": "",
                    "disk_size_gb": 100,
                    "disk_type": "pd-balanced",
                    "ephemeral_storage_local_ssd_config": [],
                    "gcfs_config": [],
                    "guest_accelerator": [],
                    "gvnic": [
                      {
                        "enabled": true
                      }
                    ],
                    "host_maintenance_policy": [],
                    "image_type": "COS_CONTAINERD",
                    "kubelet_config": [
                      {
                        "cpu_cfs_quota": false,
                        "cpu_cfs_quota_period": "",
                        "cpu_manager_policy": "",
                        "pod_pids_limit": 0
                      }
                    ],
                    "labels": {},
                    "linux_node_config": [],
                    "local_nvme_ssd_block_config": [],
                    "local_ssd_count": 0,
                    "logging_variant": "DEFAULT",
                    "machine_type": "e2-standard-4",
                    "metadata": {
                      "disable-legacy-endpoints": "true"
                    },
                    "min_cpu_platform": "",
                    "node_group": "",
                    "oauth_scopes": [
                      "https://www.googleapis.com/auth/devstorage.read_only",
                      "https://www.googleapis.com/auth/logging.write",
                      "https://www.googleapis.com/auth/monitoring",
                      "https://www.googleapis.com/auth/service.management.readonly",
                      "https://www.googleapis.com/auth/servicecontrol",
                      "https://www.googleapis.com/auth/trace.append"
                    ],
                    "preemptible": false,
                    "reservation_affinity": [
                      {
                        "consume_reservation_type": "NO_RESERVATION",
                        "key": "",
                        "values": []
                      }
                    ],
                    "resource_labels": {
                      "goog-gke-node-pool-provisioning-model": "on-demand"
                    },
                    "service_account": "default",
                    "shielded_instance_config": [
                      {
                        "enable_integrity_monitoring": true,
                        "enable_secure_boot": true
                      }
                    ],
                    "sole_tenant_config": [],
                    "spot": false,
                    "tags": [],
                    "taint": [],
                    "workload_metadata_config": [
                      {
                        "mode": "GKE_METADATA"
                      }
                    ]
                  }
                ],
                "node_count": 0,
                "node_locations": [
                  "asia-southeast1-a",
                  "asia-southeast1-b",
                  "asia-southeast1-c"
                ],
                "placement_policy": [],
                "upgrade_settings": [
                  {
                    "blue_green_settings": [],
                    "max_surge": 1,
                    "max_unavailable": 0,
                    "strategy": "SURGE"
                  }
                ],
                "version": "1.31.6-gke.1020000"
              },
              {
                "autoscaling": [
                  {
                    "location_policy": "BALANCED",
                    "max_node_count": 1000,
                    "min_node_count": 0,
                    "total_max_node_count": 0,
                    "total_min_node_count": 0
                  }
                ],
                "initial_node_count": 0,
                "instance_group_urls": [],
                "managed_instance_group_urls": [],
                "management": [
                  {
                    "auto_repair": true,
                    "auto_upgrade": true
                  }
                ],
                "max_pods_per_node": 32,
                "name": "pool-4",
                "name_prefix": "",
                "network_config": [
                  {
                    "create_pod_range": false,
                    "enable_private_nodes": false,
                    "pod_cidr_overprovision_config": [],
                    "pod_ipv4_cidr_block": "10.86.128.0/17",
                    "pod_range": "gke-bright-seer-452604-f6-new-gke-pods-4c993abd"
                  }
                ],
                "node_config": [
                  {
                    "advanced_machine_features": [],
                    "boot_disk_kms_key": "",
                    "disk_size_gb": 100,
                    "disk_type": "pd-balanced",
                    "ephemeral_storage_local_ssd_config": [],
                    "gcfs_config": [],
                    "guest_accelerator": [],
                    "gvnic": [
                      {
                        "enabled": true
                      }
                    ],
                    "host_maintenance_policy": [],
                    "image_type": "COS_CONTAINERD",
                    "kubelet_config": [
                      {
                        "cpu_cfs_quota": false,
                        "cpu_cfs_quota_period": "",
                        "cpu_manager_policy": "",
                        "pod_pids_limit": 0
                      }
                    ],
                    "labels": {},
                    "linux_node_config": [],
                    "local_nvme_ssd_block_config": [],
                    "local_ssd_count": 0,
                    "logging_variant": "DEFAULT",
                    "machine_type": "e2-standard-8",
                    "metadata": {
                      "disable-legacy-endpoints": "true"
                    },
                    "min_cpu_platform": "",
                    "node_group": "",
                    "oauth_scopes": [
                      "https://www.googleapis.com/auth/devstorage.read_only",
                      "https://www.googleapis.com/auth/logging.write",
                      "https://www.googleapis.com/auth/monitoring",
                      "https://www.googleapis.com/auth/service.management.readonly",
                      "https://www.googleapis.com/auth/servicecontrol",
                      "https://www.googleapis.com/auth/trace.append"
                    ],
                    "preemptible": false,
                    "reservation_affinity": [
                      {
                        "consume_reservation_type": "NO_RESERVATION",
                        "key": "",
                        "values": []
                      }
                    ],
                    "resource_labels": {
                      "goog-gke-node-pool-provisioning-model": "on-demand"
                    },
                    "service_account": "default",
                    "shielded_instance_config": [
                      {
                        "enable_integrity_monitoring": true,
                        "enable_secure_boot": true
                      }
                    ],
                    "sole_tenant_config": [],
                    "spot": false,
                    "tags": [],
                    "taint": [],
                    "workload_metadata_config": [
                      {
                        "mode": "GKE_METADATA"
                      }
                    ]
                  }
                ],
                "node_count": 0,
                "node_locations": [
                  "asia-southeast1-a",
                  "asia-southeast1-b",
                  "asia-southeast1-c"
                ],
                "placement_policy": [],
                "upgrade_settings": [
                  {
                    "blue_green_settings": [],
                    "max_surge": 1,
                    "max_unavailable": 0,
                    "strategy": "SURGE"
                  }
                ],
                "version": "1.31.6-gke.1020000"
              },
              {
                "autoscaling": [
                  {
                    "location_policy": "BALANCED",
                    "max_node_count": 1000,
                    "min_node_count": 0,
                    "total_max_node_count": 0,
                    "total_min_node_count": 0
                  }
                ],
                "initial_node_count": 0,
                "instance_group_urls": [],
                "managed_instance_group_urls": [],
                "management": [
                  {
                    "auto_repair": true,
                    "auto_upgrade": true
                  }
                ],
                "max_pods_per_node": 32,
                "name": "pool-5",
                "name_prefix": "",
                "network_config": [
                  {
                    "create_pod_range": false,
                    "enable_private_nodes": false,
                    "pod_cidr_overprovision_config": [],
                    "pod_ipv4_cidr_block": "10.86.128.0/17",
                    "pod_range": "gke-bright-seer-452604-f6-new-gke-pods-4c993abd"
                  }
                ],
                "node_config": [
                  {
                    "advanced_machine_features": [],
                    "boot_disk_kms_key": "",
                    "disk_size_gb": 100,
                    "disk_type": "pd-balanced",
                    "ephemeral_storage_local_ssd_config": [],
                    "gcfs_config": [],
                    "guest_accelerator": [],
                    "gvnic": [
                      {
                        "enabled": true
                      }
                    ],
                    "host_maintenance_policy": [],
                    "image_type": "COS_CONTAINERD",
                    "kubelet_config": [
                      {
                        "cpu_cfs_quota": false,
                        "cpu_cfs_quota_period": "",
                        "cpu_manager_policy": "",
                        "pod_pids_limit": 0
                      }
                    ],
                    "labels": {},
                    "linux_node_config": [],
                    "local_nvme_ssd_block_config": [],
                    "local_ssd_count": 0,
                    "logging_variant": "DEFAULT",
                    "machine_type": "e2-standard-16",
                    "metadata": {
                      "disable-legacy-endpoints": "true"
                    },
                    "min_cpu_platform": "",
                    "node_group": "",
                    "oauth_scopes": [
                      "https://www.googleapis.com/auth/devstorage.read_only",
                      "https://www.googleapis.com/auth/logging.write",
                      "https://www.googleapis.com/auth/monitoring",
                      "https://www.googleapis.com/auth/service.management.readonly",
                      "https://www.googleapis.com/auth/servicecontrol",
                      "https://www.googleapis.com/auth/trace.append"
                    ],
                    "preemptible": false,
                    "reservation_affinity": [
                      {
                        "consume_reservation_type": "NO_RESERVATION",
                        "key": "",
                        "values": []
                      }
                    ],
                    "resource_labels": {
                      "goog-gke-node-pool-provisioning-model": "on-demand"
                    },
                    "service_account": "default",
                    "shielded_instance_config": [
                      {
                        "enable_integrity_monitoring": true,
                        "enable_secure_boot": true
                      }
                    ],
                    "sole_tenant_config": [],
                    "spot": false,
                    "tags": [],
                    "taint": [],
                    "workload_metadata_config": [
                      {
                        "mode": "GKE_METADATA"
                      }
                    ]
                  }
                ],
                "node_count": 0,
                "node_locations": [
                  "asia-southeast1-a",
                  "asia-southeast1-b",
                  "asia-southeast1-c"
                ],
                "placement_policy": [],
                "upgrade_settings": [
                  {
                    "blue_green_settings": [],
                    "max_surge": 1,
                    "max_unavailable": 0,
                    "strategy": "SURGE"
                  }
                ],
                "version": "1.31.6-gke.1020000"
              },
              {
                "autoscaling": [
                  {
                    "location_policy": "BALANCED",
                    "max_node_count": 1000,
                    "min_node_count": 0,
                    "total_max_node_count": 0,
                    "total_min_node_count": 0
                  }
                ],
                "initial_node_count": 0,
                "instance_group_urls": [],
                "managed_instance_group_urls": [],
                "management": [
                  {
                    "auto_repair": true,
                    "auto_upgrade": true
                  }
                ],
                "max_pods_per_node": 32,
                "name": "pool-6",
                "name_prefix": "",
                "network_config": [
                  {
                    "create_pod_range": false,
                    "enable_private_nodes": false,
                    "pod_cidr_overprovision_config": [],
                    "pod_ipv4_cidr_block": "10.86.128.0/17",
                    "pod_range": "gke-bright-seer-452604-f6-new-gke-pods-4c993abd"
                  }
                ],
                "node_config": [
                  {
                    "advanced_machine_features": [],
                    "boot_disk_kms_key": "",
                    "disk_size_gb": 100,
                    "disk_type": "pd-balanced",
                    "ephemeral_storage_local_ssd_config": [],
                    "gcfs_config": [],
                    "guest_accelerator": [],
                    "gvnic": [
                      {
                        "enabled": true
                      }
                    ],
                    "host_maintenance_policy": [],
                    "image_type": "COS_CONTAINERD",
                    "kubelet_config": [
                      {
                        "cpu_cfs_quota": false,
                        "cpu_cfs_quota_period": "",
                        "cpu_manager_policy": "",
                        "pod_pids_limit": 0
                      }
                    ],
                    "labels": {},
                    "linux_node_config": [],
                    "local_nvme_ssd_block_config": [],
                    "local_ssd_count": 0,
                    "logging_variant": "DEFAULT",
                    "machine_type": "e2-standard-32",
                    "metadata": {
                      "disable-legacy-endpoints": "true"
                    },
                    "min_cpu_platform": "",
                    "node_group": "",
                    "oauth_scopes": [
                      "https://www.googleapis.com/auth/devstorage.read_only",
                      "https://www.googleapis.com/auth/logging.write",
                      "https://www.googleapis.com/auth/monitoring",
                      "https://www.googleapis.com/auth/service.management.readonly",
                      "https://www.googleapis.com/auth/servicecontrol",
                      "https://www.googleapis.com/auth/trace.append"
                    ],
                    "preemptible": false,
                    "reservation_affinity": [
                      {
                        "consume_reservation_type": "NO_RESERVATION",
                        "key": "",
                        "values": []
                      }
                    ],
                    "resource_labels": {
                      "goog-gke-node-pool-provisioning-model": "on-demand"
                    },
                    "service_account": "default",
                    "shielded_instance_config": [
                      {
                        "enable_integrity_monitoring": true,
                        "enable_secure_boot": true
                      }
                    ],
                    "sole_tenant_config": [],
                    "spot": false,
                    "tags": [],
                    "taint": [],
                    "workload_metadata_config": [
                      {
                        "mode": "GKE_METADATA"
                      }
                    ]
                  }
                ],
                "node_count": 0,
                "node_locations": [
                  "asia-southeast1-a",
                  "asia-southeast1-b",
                  "asia-southeast1-c"
                ],
                "placement_policy": [],
                "upgrade_settings": [
                  {
                    "blue_green_settings": [],
                    "max_surge": 1,
                    "max_unavailable": 0,
                    "strategy": "SURGE"
                  }
                ],
                "version": "1.31.6-gke.1020000"
              }
            ],
            "node_pool_defaults": [
              {
                "node_config_defaults": [
                  {
                    "logging_variant": "DEFAULT"
                  }
                ]
              }
            ],
            "node_version": "1.31.6-gke.1020000",
            "notification_config": [
              {
                "pubsub": [
                  {
                    "enabled": false,
                    "filter": [],
                    "topic": ""
                  }
                ]
              }
            ],
            "operation": null,
            "private_cluster_config": [
              {
                "enable_private_endpoint": false,
                "enable_private_nodes": false,
                "master_global_access_config": [
                  {
                    "enabled": false
                  }
                ],
                "master_ipv4_cidr_block": "",
                "peering_name": "",
                "private_endpoint": "10.148.0.13",
                "private_endpoint_subnetwork": "",
                "public_endpoint": "35.240.210.91"
              }
            ],
            "private_ipv6_google_access": "",
            "project": "bright-seer-452604-f6",
            "release_channel": [
              {
                "channel": "REGULAR"
              }
            ],
            "remove_default_node_pool": null,
            "resource_labels": {},
            "resource_usage_export_config": [],
            "security_posture_config": [
              {
                "mode": "BASIC",
                "vulnerability_mode": "VULNERABILITY_MODE_UNSPECIFIED"
              }
            ],
            "self_link": "https://container.googleapis.com/v1/projects/bright-seer-452604-f6/locations/asia-southeast1/clusters/bright-seer-452604-f6-new-gke",
            "service_external_ips_config": [
              {
                "enabled": false
              }
            ],
            "services_ipv4_cidr": "34.118.224.0/20",
            "subnetwork": "projects/bright-seer-452604-f6/regions/asia-southeast1/subnetworks/default",
            "timeouts": null,
            "tpu_ipv4_cidr_block": "",
            "vertical_pod_autoscaling": [
              {
                "enabled": true
              }
            ],
            "workload_identity_config": [
              {
                "workload_pool": "bright-seer-452604-f6.svc.id.goog"
              }
            ]
          },
          "sensitive_attributes": [
            [
              {
                "type": "get_attr",
                "value": "master_auth"
              },
              {
                "type": "index",
                "value": {
                  "value": 0,
                  "type": "number"
                }
              },
              {
                "type": "get_attr",
                "value": "client_key"
              }
            ]
          ],
          "private": "eyJlMmJmYjczMC1lY2FhLTExZTYtOGY4OC0zNDM2M2JjN2M0YzAiOnsiY3JlYXRlIjoyNDAwMDAwMDAwMDAwLCJkZWxldGUiOjI0MDAwMDAwMDAwMDAsInJlYWQiOjI0MDAwMDAwMDAwMDAsInVwZGF0ZSI6MzYwMDAwMDAwMDAwMH0sInNjaGVtYV92ZXJzaW9uIjoiMSJ9"
        }
      ]
    },
    {
      "mode": "managed",
      "type": "google_storage_bucket",
      "name": "my-bucket",
      "provider": "provider[\"registry.terraform.io/hashicorp/google\"]",
      "instances": [
        {
          "schema_version": 0,
          "attributes": {
            "autoclass": [],
            "cors": [],
            "custom_placement_config": [],
            "default_event_based_hold": false,
            "encryption": [],
            "force_destroy": true,
            "id": "mle-course123123",
            "labels": {},
            "lifecycle_rule": [],
            "location": "ASIA-SOUTHEAST1",
            "logging": [],
            "name": "mle-course123123",
            "project": "bright-seer-452604-f6",
            "public_access_prevention": "inherited",
            "requester_pays": false,
            "retention_policy": [],
            "self_link": "https://www.googleapis.com/storage/v1/b/mle-course123123",
            "storage_class": "STANDARD",
            "timeouts": null,
            "uniform_bucket_level_access": true,
            "url": "gs://mle-course123123",
            "versioning": [],
            "website": []
          },
          "sensitive_attributes": [],
          "private": "eyJlMmJmYjczMC1lY2FhLTExZTYtOGY4OC0zNDM2M2JjN2M0YzAiOnsiY3JlYXRlIjo2MDAwMDAwMDAwMDAsInJlYWQiOjI0MDAwMDAwMDAwMCwidXBkYXRlIjoyNDAwMDAwMDAwMDB9fQ=="
        }
      ]
    }
  ],
  "check_results": null
}
